// !$*UTF8*$!
{
	archiveVersion = 1;
	classes = {
	};
	objectVersion = 46;
	objects = {

/* Begin PBXBuildFile section */
		221AA81017114E54000D568A /* UIKit.framework in Frameworks */ = {isa = PBXBuildFile; fileRef = 221AA80F17114E54000D568A /* UIKit.framework */; };
		221AA81217114E54000D568A /* Foundation.framework in Frameworks */ = {isa = PBXBuildFile; fileRef = 221AA81117114E54000D568A /* Foundation.framework */; };
		221AA81417114E54000D568A /* CoreGraphics.framework in Frameworks */ = {isa = PBXBuildFile; fileRef = 221AA81317114E54000D568A /* CoreGraphics.framework */; };
		221AA81A17114E54000D568A /* InfoPlist.strings in Resources */ = {isa = PBXBuildFile; fileRef = 221AA81817114E54000D568A /* InfoPlist.strings */; };
		221AA81C17114E54000D568A /* main.m in Sources */ = {isa = PBXBuildFile; fileRef = 221AA81B17114E54000D568A /* main.m */; };
		221AA82017114E54000D568A /* ESAppDelegate.m in Sources */ = {isa = PBXBuildFile; fileRef = 221AA81F17114E54000D568A /* ESAppDelegate.m */; };
		221AA82217114E54000D568A /* Default.png in Resources */ = {isa = PBXBuildFile; fileRef = 221AA82117114E54000D568A /* Default.png */; };
		221AA82417114E54000D568A /* Default@2x.png in Resources */ = {isa = PBXBuildFile; fileRef = 221AA82317114E54000D568A /* Default@2x.png */; };
		221AA82617114E54000D568A /* Default-568h@2x.png in Resources */ = {isa = PBXBuildFile; fileRef = 221AA82517114E54000D568A /* Default-568h@2x.png */; };
		221AA82917114E54000D568A /* ESViewController.m in Sources */ = {isa = PBXBuildFile; fileRef = 221AA82817114E54000D568A /* ESViewController.m */; };
		221AA82C17114E54000D568A /* ESViewController.xib in Resources */ = {isa = PBXBuildFile; fileRef = 221AA82A17114E54000D568A /* ESViewController.xib */; };
		221AA84017114E94000D568A /* NetworkAssist.m in Sources */ = {isa = PBXBuildFile; fileRef = 221AA83417114E94000D568A /* NetworkAssist.m */; };
		221AA84217114E94000D568A /* NetworkHttpClient.m in Sources */ = {isa = PBXBuildFile; fileRef = 221AA83917114E94000D568A /* NetworkHttpClient.m */; };
		221AA84317114E94000D568A /* NetworkManager.m in Sources */ = {isa = PBXBuildFile; fileRef = 221AA83B17114E94000D568A /* NetworkManager.m */; };
		221AA84417114E94000D568A /* NSString+Additions.m in Sources */ = {isa = PBXBuildFile; fileRef = 221AA83D17114E94000D568A /* NSString+Additions.m */; };
		221AA84517114E94000D568A /* Reachability.m in Sources */ = {isa = PBXBuildFile; fileRef = 221AA83F17114E94000D568A /* Reachability.m */; };
		221AA85B17115082000D568A /* CFNetwork.framework in Frameworks */ = {isa = PBXBuildFile; fileRef = 221AA85A17115082000D568A /* CFNetwork.framework */; };
		221AA85D1711508F000D568A /* SystemConfiguration.framework in Frameworks */ = {isa = PBXBuildFile; fileRef = 221AA85C1711508F000D568A /* SystemConfiguration.framework */; };
		22C217C6171B004000B4B4C7 /* ESColorAlbum.m in Sources */ = {isa = PBXBuildFile; fileRef = 22C217C5171B004000B4B4C7 /* ESColorAlbum.m */; };
/* End PBXBuildFile section */

/* Begin PBXFileReference section */
		221AA80C17114E54000D568A /* Network.app */ = {isa = PBXFileReference; explicitFileType = wrapper.application; includeInIndex = 0; path = Network.app; sourceTree = BUILT_PRODUCTS_DIR; };
		221AA80F17114E54000D568A /* UIKit.framework */ = {isa = PBXFileReference; lastKnownFileType = wrapper.framework; name = UIKit.framework; path = System/Library/Frameworks/UIKit.framework; sourceTree = SDKROOT; };
		221AA81117114E54000D568A /* Foundation.framework */ = {isa = PBXFileReference; lastKnownFileType = wrapper.framework; name = Foundation.framework; path = System/Library/Frameworks/Foundation.framework; sourceTree = SDKROOT; };
		221AA81317114E54000D568A /* CoreGraphics.framework */ = {isa = PBXFileReference; lastKnownFileType = wrapper.framework; name = CoreGraphics.framework; path = System/Library/Frameworks/CoreGraphics.framework; sourceTree = SDKROOT; };
		221AA81717114E54000D568A /* Network-Info.plist */ = {isa = PBXFileReference; lastKnownFileType = text.plist.xml; path = "Network-Info.plist"; sourceTree = "<group>"; };
		221AA81917114E54000D568A /* en */ = {isa = PBXFileReference; lastKnownFileType = text.plist.strings; name = en; path = en.lproj/InfoPlist.strings; sourceTree = "<group>"; };
		221AA81B17114E54000D568A /* main.m */ = {isa = PBXFileReference; lastKnownFileType = sourcecode.c.objc; path = main.m; sourceTree = "<group>"; };
		221AA81D17114E54000D568A /* Network-Prefix.pch */ = {isa = PBXFileReference; lastKnownFileType = sourcecode.c.h; path = "Network-Prefix.pch"; sourceTree = "<group>"; };
		221AA81E17114E54000D568A /* ESAppDelegate.h */ = {isa = PBXFileReference; lastKnownFileType = sourcecode.c.h; path = ESAppDelegate.h; sourceTree = "<group>"; };
		221AA81F17114E54000D568A /* ESAppDelegate.m */ = {isa = PBXFileReference; lastKnownFileType = sourcecode.c.objc; path = ESAppDelegate.m; sourceTree = "<group>"; };
		221AA82117114E54000D568A /* Default.png */ = {isa = PBXFileReference; lastKnownFileType = image.png; path = Default.png; sourceTree = "<group>"; };
		221AA82317114E54000D568A /* Default@2x.png */ = {isa = PBXFileReference; lastKnownFileType = image.png; path = "Default@2x.png"; sourceTree = "<group>"; };
		221AA82517114E54000D568A /* Default-568h@2x.png */ = {isa = PBXFileReference; lastKnownFileType = image.png; path = "Default-568h@2x.png"; sourceTree = "<group>"; };
		221AA82717114E54000D568A /* ESViewController.h */ = {isa = PBXFileReference; lastKnownFileType = sourcecode.c.h; path = ESViewController.h; sourceTree = "<group>"; };
		221AA82817114E54000D568A /* ESViewController.m */ = {isa = PBXFileReference; lastKnownFileType = sourcecode.c.objc; path = ESViewController.m; sourceTree = "<group>"; };
		221AA82B17114E54000D568A /* en */ = {isa = PBXFileReference; lastKnownFileType = file.xib; name = en; path = en.lproj/ESViewController.xib; sourceTree = "<group>"; };
		221AA83317114E94000D568A /* NetworkAssist.h */ = {isa = PBXFileReference; fileEncoding = 4; lastKnownFileType = sourcecode.c.h; path = NetworkAssist.h; sourceTree = "<group>"; };
		221AA83417114E94000D568A /* NetworkAssist.m */ = {isa = PBXFileReference; fileEncoding = 4; lastKnownFileType = sourcecode.c.objc; path = NetworkAssist.m; sourceTree = "<group>"; };
		221AA83517114E94000D568A /* NetworkConstans.h */ = {isa = PBXFileReference; fileEncoding = 4; lastKnownFileType = sourcecode.c.h; path = NetworkConstans.h; sourceTree = "<group>"; };
		221AA83817114E94000D568A /* NetworkHttpClient.h */ = {isa = PBXFileReference; fileEncoding = 4; lastKnownFileType = sourcecode.c.h; path = NetworkHttpClient.h; sourceTree = "<group>"; };
		221AA83917114E94000D568A /* NetworkHttpClient.m */ = {isa = PBXFileReference; fileEncoding = 4; lastKnownFileType = sourcecode.c.objc; path = NetworkHttpClient.m; sourceTree = "<group>"; };
		221AA83A17114E94000D568A /* NetworkManager.h */ = {isa = PBXFileReference; fileEncoding = 4; lastKnownFileType = sourcecode.c.h; path = NetworkManager.h; sourceTree = "<group>"; };
		221AA83B17114E94000D568A /* NetworkManager.m */ = {isa = PBXFileReference; fileEncoding = 4; lastKnownFileType = sourcecode.c.objc; path = NetworkManager.m; sourceTree = "<group>"; };
		221AA83C17114E94000D568A /* NSString+Additions.h */ = {isa = PBXFileReference; fileEncoding = 4; lastKnownFileType = sourcecode.c.h; path = "NSString+Additions.h"; sourceTree = "<group>"; };
		221AA83D17114E94000D568A /* NSString+Additions.m */ = {isa = PBXFileReference; fileEncoding = 4; lastKnownFileType = sourcecode.c.objc; path = "NSString+Additions.m"; sourceTree = "<group>"; };
		221AA83E17114E94000D568A /* Reachability.h */ = {isa = PBXFileReference; fileEncoding = 4; lastKnownFileType = sourcecode.c.h; path = Reachability.h; sourceTree = "<group>"; };
		221AA83F17114E94000D568A /* Reachability.m */ = {isa = PBXFileReference; fileEncoding = 4; lastKnownFileType = sourcecode.c.objc; path = Reachability.m; sourceTree = "<group>"; };
		221AA85A17115082000D568A /* CFNetwork.framework */ = {isa = PBXFileReference; lastKnownFileType = wrapper.framework; name = CFNetwork.framework; path = System/Library/Frameworks/CFNetwork.framework; sourceTree = SDKROOT; };
		221AA85C1711508F000D568A /* SystemConfiguration.framework */ = {isa = PBXFileReference; lastKnownFileType = wrapper.framework; name = SystemConfiguration.framework; path = System/Library/Frameworks/SystemConfiguration.framework; sourceTree = SDKROOT; };
		22C217C4171B004000B4B4C7 /* ESColorAlbum.h */ = {isa = PBXFileReference; fileEncoding = 4; lastKnownFileType = sourcecode.c.h; path = ESColorAlbum.h; sourceTree = "<group>"; };
		22C217C5171B004000B4B4C7 /* ESColorAlbum.m */ = {isa = PBXFileReference; fileEncoding = 4; lastKnownFileType = sourcecode.c.objc; path = ESColorAlbum.m; sourceTree = "<group>"; };
/* End PBXFileReference section */

/* Begin PBXFrameworksBuildPhase section */
		221AA80917114E54000D568A /* Frameworks */ = {
			isa = PBXFrameworksBuildPhase;
			buildActionMask = 2147483647;
			files = (
				221AA85D1711508F000D568A /* SystemConfiguration.framework in Frameworks */,
				221AA85B17115082000D568A /* CFNetwork.framework in Frameworks */,
				221AA81017114E54000D568A /* UIKit.framework in Frameworks */,
				221AA81217114E54000D568A /* Foundation.framework in Frameworks */,
				221AA81417114E54000D568A /* CoreGraphics.framework in Frameworks */,
			);
			runOnlyForDeploymentPostprocessing = 0;
		};
/* End PBXFrameworksBuildPhase section */

/* Begin PBXGroup section */
		221AA80317114E54000D568A = {
			isa = PBXGroup;
			children = (
				221AA81517114E54000D568A /* Network */,
				221AA80E17114E54000D568A /* Frameworks */,
				221AA80D17114E54000D568A /* Products */,
			);
			sourceTree = "<group>";
		};
		221AA80D17114E54000D568A /* Products */ = {
			isa = PBXGroup;
			children = (
				221AA80C17114E54000D568A /* Network.app */,
			);
			name = Products;
			sourceTree = "<group>";
		};
		221AA80E17114E54000D568A /* Frameworks */ = {
			isa = PBXGroup;
			children = (
				221AA85C1711508F000D568A /* SystemConfiguration.framework */,
				221AA85A17115082000D568A /* CFNetwork.framework */,
				221AA80F17114E54000D568A /* UIKit.framework */,
				221AA81117114E54000D568A /* Foundation.framework */,
				221AA81317114E54000D568A /* CoreGraphics.framework */,
			);
			name = Frameworks;
			sourceTree = "<group>";
		};
		221AA81517114E54000D568A /* Network */ = {
			isa = PBXGroup;
			children = (
				22C217C3171B001400B4B4C7 /* Model */,
				221AA83217114E87000D568A /* HTTP */,
				221AA81E17114E54000D568A /* ESAppDelegate.h */,
				221AA81F17114E54000D568A /* ESAppDelegate.m */,
				221AA82717114E54000D568A /* ESViewController.h */,
				221AA82817114E54000D568A /* ESViewController.m */,
				221AA82A17114E54000D568A /* ESViewController.xib */,
				221AA81617114E54000D568A /* Supporting Files */,
			);
			path = Network;
			sourceTree = "<group>";
		};
		221AA81617114E54000D568A /* Supporting Files */ = {
			isa = PBXGroup;
			children = (
				221AA81717114E54000D568A /* Network-Info.plist */,
				221AA81817114E54000D568A /* InfoPlist.strings */,
				221AA81B17114E54000D568A /* main.m */,
				221AA81D17114E54000D568A /* Network-Prefix.pch */,
				221AA82117114E54000D568A /* Default.png */,
				221AA82317114E54000D568A /* Default@2x.png */,
				221AA82517114E54000D568A /* Default-568h@2x.png */,
			);
			name = "Supporting Files";
			sourceTree = "<group>";
		};
		221AA83217114E87000D568A /* HTTP */ = {
			isa = PBXGroup;
			children = (
				221AA83317114E94000D568A /* NetworkAssist.h */,
				221AA83417114E94000D568A /* NetworkAssist.m */,
				221AA83517114E94000D568A /* NetworkConstans.h */,
				221AA83817114E94000D568A /* NetworkHttpClient.h */,
				221AA83917114E94000D568A /* NetworkHttpClient.m */,
				221AA83A17114E94000D568A /* NetworkManager.h */,
				221AA83B17114E94000D568A /* NetworkManager.m */,
				221AA83C17114E94000D568A /* NSString+Additions.h */,
				221AA83D17114E94000D568A /* NSString+Additions.m */,
				221AA83E17114E94000D568A /* Reachability.h */,
				221AA83F17114E94000D568A /* Reachability.m */,
			);
			name = HTTP;
			sourceTree = "<group>";
		};
		22C217C3171B001400B4B4C7 /* Model */ = {
			isa = PBXGroup;
			children = (
				22C217C4171B004000B4B4C7 /* ESColorAlbum.h */,
				22C217C5171B004000B4B4C7 /* ESColorAlbum.m */,
			);
			name = Model;
			sourceTree = "<group>";
		};
/* End PBXGroup section */

/* Begin PBXNativeTarget section */
		221AA80B17114E54000D568A /* Network */ = {
			isa = PBXNativeTarget;
			buildConfigurationList = 221AA82F17114E54000D568A /* Build configuration list for PBXNativeTarget "Network" */;
			buildPhases = (
				221AA80817114E54000D568A /* Sources */,
				221AA80917114E54000D568A /* Frameworks */,
				221AA80A17114E54000D568A /* Resources */,
			);
			buildRules = (
			);
			dependencies = (
			);
			name = Network;
			productName = Network;
			productReference = 221AA80C17114E54000D568A /* Network.app */;
			productType = "com.apple.product-type.application";
		};
/* End PBXNativeTarget section */

/* Begin PBXProject section */
		221AA80417114E54000D568A /* Project object */ = {
			isa = PBXProject;
			attributes = {
				CLASSPREFIX = ES;
				LastUpgradeCheck = 0460;
				ORGANIZATIONNAME = Sam;
			};
			buildConfigurationList = 221AA80717114E54000D568A /* Build configuration list for PBXProject "Network" */;
			compatibilityVersion = "Xcode 3.2";
			developmentRegion = English;
			hasScannedForEncodings = 0;
			knownRegions = (
				en,
			);
			mainGroup = 221AA80317114E54000D568A;
			productRefGroup = 221AA80D17114E54000D568A /* Products */;
			projectDirPath = "";
			projectRoot = "";
			targets = (
				221AA80B17114E54000D568A /* Network */,
			);
		};
/* End PBXProject section */

/* Begin PBXResourcesBuildPhase section */
		221AA80A17114E54000D568A /* Resources */ = {
			isa = PBXResourcesBuildPhase;
			buildActionMask = 2147483647;
			files = (
				221AA81A17114E54000D568A /* InfoPlist.strings in Resources */,
				221AA82217114E54000D568A /* Default.png in Resources */,
				221AA82417114E54000D568A /* Default@2x.png in Resources */,
				221AA82617114E54000D568A /* Default-568h@2x.png in Resources */,
				221AA82C17114E54000D568A /* ESViewController.xib in Resources */,
			);
			runOnlyForDeploymentPostprocessing = 0;
		};
/* End PBXResourcesBuildPhase section */

/* Begin PBXSourcesBuildPhase section */
		221AA80817114E54000D568A /* Sources */ = {
			isa = PBXSourcesBuildPhase;
			buildActionMask = 2147483647;
			files = (
				221AA81C17114E54000D568A /* main.m in Sources */,
				221AA82017114E54000D568A /* ESAppDelegate.m in Sources */,
				221AA82917114E54000D568A /* ESViewController.m in Sources */,
				221AA84017114E94000D568A /* NetworkAssist.m in Sources */,
				221AA84217114E94000D568A /* NetworkHttpClient.m in Sources */,
				221AA84317114E94000D568A /* NetworkManager.m in Sources */,
				221AA84417114E94000D568A /* NSString+Additions.m in Sources */,
				221AA84517114E94000D568A /* Reachability.m in Sources */,
				22C217C6171B004000B4B4C7 /* ESColorAlbum.m in Sources */,
			);
			runOnlyForDeploymentPostprocessing = 0;
		};
/* End PBXSourcesBuildPhase section */

/* Begin PBXVariantGroup section */
		221AA81817114E54000D568A /* InfoPlist.strings */ = {
			isa = PBXVariantGroup;
			children = (
				221AA81917114E54000D568A /* en */,
			);
			name = InfoPlist.strings;
			sourceTree = "<group>";
		};
		221AA82A17114E54000D568A /* ESViewController.xib */ = {
			isa = PBXVariantGroup;
			children = (
				221AA82B17114E54000D568A /* en */,
			);
			name = ESViewController.xib;
			sourceTree = "<group>";
		};
/* End PBXVariantGroup section */

/* Begin XCBuildConfiguration section */
		221AA82D17114E54000D568A /* Debug */ = {
			isa = XCBuildConfiguration;
			buildSettings = {
				ALWAYS_SEARCH_USER_PATHS = NO;
				CLANG_CXX_LANGUAGE_STANDARD = "gnu++0x";
				CLANG_CXX_LIBRARY = "libc++";
				CLANG_WARN_CONSTANT_CONVERSION = YES;
				CLANG_WARN_EMPTY_BODY = YES;
				CLANG_WARN_ENUM_CONVERSION = YES;
				CLANG_WARN_INT_CONVERSION = YES;
				CLANG_WARN__DUPLICATE_METHOD_MATCH = YES;
				"CODE_SIGN_IDENTITY[sdk=iphoneos*]" = "iPhone Developer";
				COPY_PHASE_STRIP = NO;
				GCC_C_LANGUAGE_STANDARD = gnu99;
				GCC_DYNAMIC_NO_PIC = NO;
				GCC_OPTIMIZATION_LEVEL = 0;
				GCC_PREPROCESSOR_DEFINITIONS = (
					"DEBUG=1",
					"$(inherited)",
				);
				GCC_SYMBOLS_PRIVATE_EXTERN = NO;
				GCC_WARN_ABOUT_RETURN_TYPE = YES;
				GCC_WARN_UNINITIALIZED_AUTOS = YES;
				GCC_WARN_UNUSED_VARIABLE = YES;
				IPHONEOS_DEPLOYMENT_TARGET = 6.1;
				ONLY_ACTIVE_ARCH = YES;
				SDKROOT = iphoneos;
			};
			name = Debug;
		};
		221AA82E17114E54000D568A /* Release */ = {
			isa = XCBuildConfiguration;
			buildSettings = {
				ALWAYS_SEARCH_USER_PATHS = NO;
				CLANG_CXX_LANGUAGE_STANDARD = "gnu++0x";
				CLANG_CXX_LIBRARY = "libc++";
				CLANG_WARN_CONSTANT_CONVERSION = YES;
				CLANG_WARN_EMPTY_BODY = YES;
				CLANG_WARN_ENUM_CONVERSION = YES;
				CLANG_WARN_INT_CONVERSION = YES;
				CLANG_WARN__DUPLICATE_METHOD_MATCH = YES;
				"CODE_SIGN_IDENTITY[sdk=iphoneos*]" = "iPhone Developer";
				COPY_PHASE_STRIP = YES;
				GCC_C_LANGUAGE_STANDARD = gnu99;
				GCC_WARN_ABOUT_RETURN_TYPE = YES;
				GCC_WARN_UNINITIALIZED_AUTOS = YES;
				GCC_WARN_UNUSED_VARIABLE = YES;
				IPHONEOS_DEPLOYMENT_TARGET = 6.1;
				OTHER_CFLAGS = "-DNS_BLOCK_ASSERTIONS=1";
				SDKROOT = iphoneos;
				VALIDATE_PRODUCT = YES;
			};
			name = Release;
		};
		221AA83017114E54000D568A /* Debug */ = {
			isa = XCBuildConfiguration;
			buildSettings = {
				GCC_PRECOMPILE_PREFIX_HEADER = YES;
				GCC_PREFIX_HEADER = "Network/Network-Prefix.pch";
				INFOPLIST_FILE = "Network/Network-Info.plist";
				PRODUCT_NAME = "$(TARGET_NAME)";
				WRAPPER_EXTENSION = app;
			};
			name = Debug;
		};
		221AA83117114E54000D568A /* Release */ = {
			isa = XCBuildConfiguration;
			buildSettings = {
				GCC_PRECOMPILE_PREFIX_HEADER = YES;
				GCC_PREFIX_HEADER = "Network/Network-Prefix.pch";
				INFOPLIST_FILE = "Network/Network-Info.plist";
				PRODUCT_NAME = "$(TARGET_NAME)";
				WRAPPER_EXTENSION = app;
			};
			name = Release;
		};
/* End XCBuildConfiguration section */

/* Begin XCConfigurationList section */
		221AA80717114E54000D568A /* Build configuration list for PBXProject "Network" */ = {
			isa = XCConfigurationList;
			buildConfigurations = (
				221AA82D17114E54000D568A /* Debug */,
				221AA82E17114E54000D568A /* Release */,
			);
			defaultConfigurationIsVisible = 0;
			defaultConfigurationName = Release;
		};
		221AA82F17114E54000D568A /* Build configuration list for PBXNativeTarget "Network" */ = {
			isa = XCConfigurationList;
			buildConfigurations = (
				221AA83017114E54000D568A /* Debug */,
				221AA83117114E54000D568A /* Release */,
			);
			defaultConfigurationIsVisible = 0;
			defaultConfigurationName = Release;
		};
/* End XCConfigurationList section */
	};
	rootObject = 221AA80417114E54000D568A /* Project object */;
}
